
Microsoft Visual Studio Solution File, Format Version 12.00
# Visual Studio 14
VisualStudioVersion = 14.0.25420.1
MinimumVisualStudioVersion = 10.0.40219.1
Project("{FAE04EC0-301F-11D3-BF4B-00C04F79EFBC}") = "TaskViewKey", "TaskViewKey\TaskViewKey.csproj", "{D467FD3F-8CE9-4C07-8179-FF855666FD4B}"
EndProject
Global
	GlobalSection(SolutionConfigurationPlatforms) = preSolution
		Debug|Any CPU = Debug|Any CPU
		Release|Any CPU = Release|Any CPU
	EndGlobalSection
	GlobalSection(ProjectConfigurationPlatforms) = postSolution
		{D467FD3F-8CE9-4C07-8179-FF855666FD4B}.Debug|Any CPU.ActiveCfg = Debug|Any CPU
		{D467FD3F-8CE9-4C07-8179-FF855666FD4B}.Debug|Any CPU.Build.0 = Debug|Any CPU
		{D467FD3F-8CE9-4C07-8179-FF855666FD4B}.Release|Any CPU.ActiveCfg = Release|Any CPU
		{D467FD3F-8CE9-4C07-8179-FF855666FD4B}.Release|Any CPU.Build.0 = Release|Any CPU
	EndGlobalSection
	GlobalSection(SolutionProperties) = preSolution
		HideSolutionNode = FALSE
	EndGlobalSection
EndGlobal
